
Microsoft Visual Studio Solution File, Format Version 12.00
# Visual Studio Version 16
VisualStudioVersion = 16.0.28803.156
MinimumVisualStudioVersion = 10.0.40219.1
Project("{FAE04EC0-301F-11D3-BF4B-00C04F79EFBC}") = "TipoFuncionarios", "TipoFuncionarios\TipoFuncionarios.csproj", "{C8E46038-CD7A-489F-8823-CA7BFDC79FDD}"
EndProject
Global
	GlobalSection(SolutionConfigurationPlatforms) = preSolution
		Debug|Any CPU = Debug|Any CPU
		Release|Any CPU = Release|Any CPU
	EndGlobalSection
	GlobalSection(ProjectConfigurationPlatforms) = postSolution
		{C8E46038-CD7A-489F-8823-CA7BFDC79FDD}.Debug|Any CPU.ActiveCfg = Debug|Any CPU
		{C8E46038-CD7A-489F-8823-CA7BFDC79FDD}.Debug|Any CPU.Build.0 = Debug|Any CPU
		{C8E46038-CD7A-489F-8823-CA7BFDC79FDD}.Release|Any CPU.ActiveCfg = Release|Any CPU
		{C8E46038-CD7A-489F-8823-CA7BFDC79FDD}.Release|Any CPU.Build.0 = Release|Any CPU
	EndGlobalSection
	GlobalSection(SolutionProperties) = preSolution
		HideSolutionNode = FALSE
	EndGlobalSection
	GlobalSection(ExtensibilityGlobals) = postSolution
		SolutionGuid = {AD7B8ADB-EECF-4F70-9FDC-37C5E8895FF5}
	EndGlobalSection
EndGlobal
